
Microsoft Visual Studio Solution File, Format Version 12.00
# Visual Studio Version 17
VisualStudioVersion = 17.7.34024.191
MinimumVisualStudioVersion = 10.0.40219.1
Project("{FAE04EC0-301F-11D3-BF4B-00C04F79EFBC}") = "WebApp", "WebApp\WebApp.csproj", "{959743DF-A6A0-4617-AEEC-57AB8D18DAFD}"
EndProject
Global
	GlobalSection(SolutionConfigurationPlatforms) = preSolution
		Debug|Any CPU = Debug|Any CPU
		Release|Any CPU = Release|Any CPU
	EndGlobalSection
	GlobalSection(ProjectConfigurationPlatforms) = postSolution
		{959743DF-A6A0-4617-AEEC-57AB8D18DAFD}.Debug|Any CPU.ActiveCfg = Debug|Any CPU
		{959743DF-A6A0-4617-AEEC-57AB8D18DAFD}.Debug|Any CPU.Build.0 = Debug|Any CPU
		{959743DF-A6A0-4617-AEEC-57AB8D18DAFD}.Release|Any CPU.ActiveCfg = Release|Any CPU
		{959743DF-A6A0-4617-AEEC-57AB8D18DAFD}.Release|Any CPU.Build.0 = Release|Any CPU
	EndGlobalSection
	GlobalSection(SolutionProperties) = preSolution
		HideSolutionNode = FALSE
	EndGlobalSection
	GlobalSection(ExtensibilityGlobals) = postSolution
		SolutionGuid = {A7DABE5A-14F1-4824-9D4F-F281007B7876}
	EndGlobalSection
EndGlobal
